
Microsoft Visual Studio Solution File, Format Version 12.00
# Visual Studio 15
VisualStudioVersion = 15.0.26403.3
MinimumVisualStudioVersion = 10.0.40219.1
Project("{FAE04EC0-301F-11D3-BF4B-00C04F79EFBC}") = "2010216549", "EmpresaTransporte\2010216549.csproj", "{E89C8AD2-6095-4986-A220-A124B4CC3631}"
EndProject
Project("{FAE04EC0-301F-11D3-BF4B-00C04F79EFBC}") = "2010216549.Entities", "EmpresaTransporte.Entities\2010216549.Entities.csproj", "{1534569C-3AC0-44EB-82EF-81BC762162F7}"
EndProject
Project("{FAE04EC0-301F-11D3-BF4B-00C04F79EFBC}") = "2010216549.Persistance", "EmpresaTransporte.Persistance\2010216549.Persistance.csproj", "{5C78650F-D462-4DBB-8E43-412C87AA9F76}"
EndProject
Global
	GlobalSection(SolutionConfigurationPlatforms) = preSolution
		Debug|Any CPU = Debug|Any CPU
		Release|Any CPU = Release|Any CPU
	EndGlobalSection
	GlobalSection(ProjectConfigurationPlatforms) = postSolution
		{E89C8AD2-6095-4986-A220-A124B4CC3631}.Debug|Any CPU.ActiveCfg = Debug|Any CPU
		{E89C8AD2-6095-4986-A220-A124B4CC3631}.Debug|Any CPU.Build.0 = Debug|Any CPU
		{E89C8AD2-6095-4986-A220-A124B4CC3631}.Release|Any CPU.ActiveCfg = Release|Any CPU
		{E89C8AD2-6095-4986-A220-A124B4CC3631}.Release|Any CPU.Build.0 = Release|Any CPU
		{1534569C-3AC0-44EB-82EF-81BC762162F7}.Debug|Any CPU.ActiveCfg = Debug|Any CPU
		{1534569C-3AC0-44EB-82EF-81BC762162F7}.Debug|Any CPU.Build.0 = Debug|Any CPU
		{1534569C-3AC0-44EB-82EF-81BC762162F7}.Release|Any CPU.ActiveCfg = Release|Any CPU
		{1534569C-3AC0-44EB-82EF-81BC762162F7}.Release|Any CPU.Build.0 = Release|Any CPU
		{5C78650F-D462-4DBB-8E43-412C87AA9F76}.Debug|Any CPU.ActiveCfg = Debug|Any CPU
		{5C78650F-D462-4DBB-8E43-412C87AA9F76}.Debug|Any CPU.Build.0 = Debug|Any CPU
		{5C78650F-D462-4DBB-8E43-412C87AA9F76}.Release|Any CPU.ActiveCfg = Release|Any CPU
		{5C78650F-D462-4DBB-8E43-412C87AA9F76}.Release|Any CPU.Build.0 = Release|Any CPU
	EndGlobalSection
	GlobalSection(SolutionProperties) = preSolution
		HideSolutionNode = FALSE
	EndGlobalSection
EndGlobal
